schema: '2.0'
stages:
  data_cleaning:
    cmd: python data_cleaning.py
    deps:
    - path: data/Music Info.csv
      hash: md5
      md5: e63b74919a3cdada5c804df4666391c9
      size: 14985870
    - path: data_cleaning.py
      hash: md5
      md5: e8b576ed3cd13970ddb3b238bc424db5
      size: 1188
    outs:
    - path: data/cleaned_data.csv
      hash: md5
      md5: 7f42ede18a53db0438e184978befa374
      size: 9560981
  transform_data:
    cmd: python content_based_filtering.py
    deps:
    - path: content_based_filtering.py
      hash: md5
      md5: 945bca4c091d9d8350f1f3dbf66fe0b2
      size: 2505
    - path: data/cleaned_data.csv
      hash: md5
      md5: 7f42ede18a53db0438e184978befa374
      size: 9560981
    - path: data_cleaning.py
      hash: md5
      md5: e8b576ed3cd13970ddb3b238bc424db5
      size: 1188
    outs:
    - path: data/transformed_data.npz
      hash: md5
      md5: f32fa1890a52bed4fe44aaac84bf5815
      size: 4522794
    - path: transformer.joblib
      hash: md5
      md5: 1d54659b89079c468827adf2b3fd28aa
      size: 135373
  interaction_data:
    cmd: python collaborative_filtering.py
    deps:
    - path: collaborative_filtering.py
      hash: md5
      md5: d14dc60c85fe69878d0ddfe1898f4696
      size: 3953
    - path: data/Music Info.csv
      hash: md5
      md5: e63b74919a3cdada5c804df4666391c9
      size: 14985870
    - path: data/User Listening History.csv
      hash: md5
      md5: 3a12e713844195171c7040c051d6d4ae
      size: 602515573
    outs:
    - path: data/collab_filtered_data.csv
      hash: md5
      md5: c64ae6a9067fa6496cc735ef7d13aac9
      size: 9072371
    - path: data/interaction_matrix.npz
      hash: md5
      md5: 53f8fa1e7cec19856a6b2bc60ce8881f
      size: 32311353
    - path: data/track_ids.npy
      hash: md5
      md5: 4a52e4cb6bae6b0126c1344dac7c7686
      size: 640058
  transformed_filtered_data:
    cmd: python transform_filtered_data.py
    deps:
    - path: data/collab_filtered_data.csv
      hash: md5
      md5: c64ae6a9067fa6496cc735ef7d13aac9
      size: 9072371
    - path: data_cleaning.py
      hash: md5
      md5: e8b576ed3cd13970ddb3b238bc424db5
      size: 1188
    - path: transform_filtered_data.py
      hash: md5
      md5: 4cf7457a3d7681a6bafe222ef717e3ed
      size: 606
    - path: transformer.joblib
      hash: md5
      md5: 1d54659b89079c468827adf2b3fd28aa
      size: 135373
    outs:
    - path: data/transformed_hybrid_data.npz
      hash: md5
      md5: 0acdf802e7967e770db8af5c3771f951
      size: 2977472
