schema: '2.0'
stages:
  data_cleaning:
    cmd: python data_cleaning.py
    deps:
    - path: data/Music Info.csv
      hash: md5
      md5: e63b74919a3cdada5c804df4666391c9
      size: 14985870
    - path: data_cleaning.py
      hash: md5
      md5: e8b576ed3cd13970ddb3b238bc424db5
      size: 1188
    outs:
    - path: data/cleaned_data.csv
      hash: md5
      md5: 7f42ede18a53db0438e184978befa374
      size: 9560981
  transform_data:
    cmd: python content_based_filtering.py
    deps:
    - path: content_based_filtering.py
      hash: md5
      md5: be8dfb13ea39435d8aca518f4e523246
      size: 1630
    - path: data/cleaned_data.csv
      hash: md5
      md5: 7f42ede18a53db0438e184978befa374
      size: 9560981
    - path: data_cleaning.py
      hash: md5
      md5: e8b576ed3cd13970ddb3b238bc424db5
      size: 1188
    outs:
    - path: data/transformed_data.npz
      hash: md5
      md5: f32fa1890a52bed4fe44aaac84bf5815
      size: 4522794
    - path: transformer.joblib
      hash: md5
      md5: 5f7ca4f6bdc84196636d26937e9ddd03
      size: 135341
